// !$*UTF8*$!
{
	archiveVersion = 1;
	classes = {
	};
	objectVersion = 50;
	objects = {

/* Begin PBXBuildFile section */
		D7210E6E2083176B006AC2E0 /* Photo.swift in Sources */ = {isa = PBXBuildFile; fileRef = D7210E6D2083176B006AC2E0 /* Photo.swift */; };
		D7210E7020832136006AC2E0 /* ImageDownloader.swift in Sources */ = {isa = PBXBuildFile; fileRef = D7210E6F20832135006AC2E0 /* ImageDownloader.swift */; };
		D7210E7220838B3E006AC2E0 /* AnimatorController.swift in Sources */ = {isa = PBXBuildFile; fileRef = D7210E7120838B3E006AC2E0 /* AnimatorController.swift */; };
		D73023232082490700E99BF4 /* AppDelegate.swift in Sources */ = {isa = PBXBuildFile; fileRef = D73023222082490700E99BF4 /* AppDelegate.swift */; };
		D73023282082490700E99BF4 /* Main.storyboard in Resources */ = {isa = PBXBuildFile; fileRef = D73023262082490700E99BF4 /* Main.storyboard */; };
		D730232A2082490900E99BF4 /* Assets.xcassets in Resources */ = {isa = PBXBuildFile; fileRef = D73023292082490900E99BF4 /* Assets.xcassets */; };
		D730232D2082490900E99BF4 /* LaunchScreen.storyboard in Resources */ = {isa = PBXBuildFile; fileRef = D730232B2082490900E99BF4 /* LaunchScreen.storyboard */; };
		D7302336208249CA00E99BF4 /* GalleryViewController.swift in Sources */ = {isa = PBXBuildFile; fileRef = D7302335208249CA00E99BF4 /* GalleryViewController.swift */; };
		D730233C20824B0000E99BF4 /* PhotoViewController.swift in Sources */ = {isa = PBXBuildFile; fileRef = D730233B20824B0000E99BF4 /* PhotoViewController.swift */; };
		D730234020824D3400E99BF4 /* Constant.swift in Sources */ = {isa = PBXBuildFile; fileRef = D730233F20824D3400E99BF4 /* Constant.swift */; };
		D730234220825C8B00E99BF4 /* NetworkManager.swift in Sources */ = {isa = PBXBuildFile; fileRef = D730234120825C8B00E99BF4 /* NetworkManager.swift */; };
		D73023452082F64200E99BF4 /* FlickrPhoto.swift in Sources */ = {isa = PBXBuildFile; fileRef = D73023442082F64200E99BF4 /* FlickrPhoto.swift */; };
		D73023472082F72000E99BF4 /* FlickrSearchResults.swift in Sources */ = {isa = PBXBuildFile; fileRef = D73023462082F72000E99BF4 /* FlickrSearchResults.swift */; };
		D73023492082FBFB00E99BF4 /* PhotoCell.swift in Sources */ = {isa = PBXBuildFile; fileRef = D73023482082FBFB00E99BF4 /* PhotoCell.swift */; };
/* End PBXBuildFile section */

/* Begin PBXFileReference section */
		D7210E6D2083176B006AC2E0 /* Photo.swift */ = {isa = PBXFileReference; lastKnownFileType = sourcecode.swift; path = Photo.swift; sourceTree = "<group>"; };
		D7210E6F20832135006AC2E0 /* ImageDownloader.swift */ = {isa = PBXFileReference; lastKnownFileType = sourcecode.swift; path = ImageDownloader.swift; sourceTree = "<group>"; };
		D7210E7120838B3E006AC2E0 /* AnimatorController.swift */ = {isa = PBXFileReference; lastKnownFileType = sourcecode.swift; path = AnimatorController.swift; sourceTree = "<group>"; };
		D730231F2082490700E99BF4 /* photos.app */ = {isa = PBXFileReference; explicitFileType = wrapper.application; includeInIndex = 0; path = photos.app; sourceTree = BUILT_PRODUCTS_DIR; };
		D73023222082490700E99BF4 /* AppDelegate.swift */ = {isa = PBXFileReference; lastKnownFileType = sourcecode.swift; path = AppDelegate.swift; sourceTree = "<group>"; };
		D73023272082490700E99BF4 /* Base */ = {isa = PBXFileReference; lastKnownFileType = file.storyboard; name = Base; path = Base.lproj/Main.storyboard; sourceTree = "<group>"; };
		D73023292082490900E99BF4 /* Assets.xcassets */ = {isa = PBXFileReference; lastKnownFileType = folder.assetcatalog; path = Assets.xcassets; sourceTree = "<group>"; };
		D730232C2082490900E99BF4 /* Base */ = {isa = PBXFileReference; lastKnownFileType = file.storyboard; name = Base; path = Base.lproj/LaunchScreen.storyboard; sourceTree = "<group>"; };
		D730232E2082490900E99BF4 /* Info.plist */ = {isa = PBXFileReference; lastKnownFileType = text.plist.xml; path = Info.plist; sourceTree = "<group>"; };
		D7302335208249CA00E99BF4 /* GalleryViewController.swift */ = {isa = PBXFileReference; lastKnownFileType = sourcecode.swift; path = GalleryViewController.swift; sourceTree = "<group>"; };
		D730233B20824B0000E99BF4 /* PhotoViewController.swift */ = {isa = PBXFileReference; lastKnownFileType = sourcecode.swift; path = PhotoViewController.swift; sourceTree = "<group>"; };
		D730233F20824D3400E99BF4 /* Constant.swift */ = {isa = PBXFileReference; lastKnownFileType = sourcecode.swift; path = Constant.swift; sourceTree = "<group>"; };
		D730234120825C8B00E99BF4 /* NetworkManager.swift */ = {isa = PBXFileReference; lastKnownFileType = sourcecode.swift; path = NetworkManager.swift; sourceTree = "<group>"; };
		D73023442082F64200E99BF4 /* FlickrPhoto.swift */ = {isa = PBXFileReference; lastKnownFileType = sourcecode.swift; path = FlickrPhoto.swift; sourceTree = "<group>"; };
		D73023462082F72000E99BF4 /* FlickrSearchResults.swift */ = {isa = PBXFileReference; lastKnownFileType = sourcecode.swift; path = FlickrSearchResults.swift; sourceTree = "<group>"; };
		D73023482082FBFB00E99BF4 /* PhotoCell.swift */ = {isa = PBXFileReference; lastKnownFileType = sourcecode.swift; path = PhotoCell.swift; sourceTree = "<group>"; };
/* End PBXFileReference section */

/* Begin PBXFrameworksBuildPhase section */
		D730231C2082490700E99BF4 /* Frameworks */ = {
			isa = PBXFrameworksBuildPhase;
			buildActionMask = 2147483647;
			files = (
			);
			runOnlyForDeploymentPostprocessing = 0;
		};
/* End PBXFrameworksBuildPhase section */

/* Begin PBXGroup section */
		D73023162082490700E99BF4 = {
			isa = PBXGroup;
			children = (
				D73023212082490700E99BF4 /* photos */,
				D73023202082490700E99BF4 /* Products */,
			);
			sourceTree = "<group>";
		};
		D73023202082490700E99BF4 /* Products */ = {
			isa = PBXGroup;
			children = (
				D730231F2082490700E99BF4 /* photos.app */,
			);
			name = Products;
			sourceTree = "<group>";
		};
		D73023212082490700E99BF4 /* photos */ = {
			isa = PBXGroup;
			children = (
				D73023222082490700E99BF4 /* AppDelegate.swift */,
				D73023432082F62F00E99BF4 /* Model */,
				D730233E20824CE200E99BF4 /* NetworkManager */,
				D73023342082494700E99BF4 /* ViewControllers */,
				D730233A20824A9100E99BF4 /* Storyboards */,
				D730233920824A8700E99BF4 /* Views */,
				D730233820824A5C00E99BF4 /* Utilities */,
				D730233720824A3900E99BF4 /* Transition Animator */,
				D73023292082490900E99BF4 /* Assets.xcassets */,
				D730232E2082490900E99BF4 /* Info.plist */,
			);
			path = photos;
			sourceTree = "<group>";
		};
		D73023342082494700E99BF4 /* ViewControllers */ = {
			isa = PBXGroup;
			children = (
				D7302335208249CA00E99BF4 /* GalleryViewController.swift */,
				D730233B20824B0000E99BF4 /* PhotoViewController.swift */,
			);
			path = ViewControllers;
			sourceTree = "<group>";
		};
		D730233720824A3900E99BF4 /* Transition Animator */ = {
			isa = PBXGroup;
			children = (
				D7210E7120838B3E006AC2E0 /* AnimatorController.swift */,
			);
			path = "Transition Animator";
			sourceTree = "<group>";
		};
		D730233820824A5C00E99BF4 /* Utilities */ = {
			isa = PBXGroup;
			children = (
				D730233F20824D3400E99BF4 /* Constant.swift */,
			);
			path = Utilities;
			sourceTree = "<group>";
		};
		D730233920824A8700E99BF4 /* Views */ = {
			isa = PBXGroup;
			children = (
				D73023482082FBFB00E99BF4 /* PhotoCell.swift */,
			);
			path = Views;
			sourceTree = "<group>";
		};
		D730233A20824A9100E99BF4 /* Storyboards */ = {
			isa = PBXGroup;
			children = (
				D730232B2082490900E99BF4 /* LaunchScreen.storyboard */,
				D73023262082490700E99BF4 /* Main.storyboard */,
			);
			path = Storyboards;
			sourceTree = "<group>";
		};
		D730233E20824CE200E99BF4 /* NetworkManager */ = {
			isa = PBXGroup;
			children = (
				D730234120825C8B00E99BF4 /* NetworkManager.swift */,
				D7210E6F20832135006AC2E0 /* ImageDownloader.swift */,
			);
			path = NetworkManager;
			sourceTree = "<group>";
		};
		D73023432082F62F00E99BF4 /* Model */ = {
			isa = PBXGroup;
			children = (
				D73023442082F64200E99BF4 /* FlickrPhoto.swift */,
				D73023462082F72000E99BF4 /* FlickrSearchResults.swift */,
				D7210E6D2083176B006AC2E0 /* Photo.swift */,
			);
			path = Model;
			sourceTree = "<group>";
		};
/* End PBXGroup section */

/* Begin PBXNativeTarget section */
		D730231E2082490700E99BF4 /* photos */ = {
			isa = PBXNativeTarget;
			buildConfigurationList = D73023312082490900E99BF4 /* Build configuration list for PBXNativeTarget "photos" */;
			buildPhases = (
				D730231B2082490700E99BF4 /* Sources */,
				D730231C2082490700E99BF4 /* Frameworks */,
				D730231D2082490700E99BF4 /* Resources */,
			);
			buildRules = (
			);
			dependencies = (
			);
			name = photos;
			productName = photos;
			productReference = D730231F2082490700E99BF4 /* photos.app */;
			productType = "com.apple.product-type.application";
		};
/* End PBXNativeTarget section */

/* Begin PBXProject section */
		D73023172082490700E99BF4 /* Project object */ = {
			isa = PBXProject;
			attributes = {
				LastSwiftUpdateCheck = 0930;
				LastUpgradeCheck = 0930;
				ORGANIZATIONNAME = tsystem;
				TargetAttributes = {
					D730231E2082490700E99BF4 = {
						CreatedOnToolsVersion = 9.3;
					};
				};
			};
			buildConfigurationList = D730231A2082490700E99BF4 /* Build configuration list for PBXProject "photos" */;
			compatibilityVersion = "Xcode 9.3";
			developmentRegion = en;
			hasScannedForEncodings = 0;
			knownRegions = (
				en,
				Base,
			);
			mainGroup = D73023162082490700E99BF4;
			productRefGroup = D73023202082490700E99BF4 /* Products */;
			projectDirPath = "";
			projectRoot = "";
			targets = (
				D730231E2082490700E99BF4 /* photos */,
			);
		};
/* End PBXProject section */

/* Begin PBXResourcesBuildPhase section */
		D730231D2082490700E99BF4 /* Resources */ = {
			isa = PBXResourcesBuildPhase;
			buildActionMask = 2147483647;
			files = (
				D730232D2082490900E99BF4 /* LaunchScreen.storyboard in Resources */,
				D730232A2082490900E99BF4 /* Assets.xcassets in Resources */,
				D73023282082490700E99BF4 /* Main.storyboard in Resources */,
			);
			runOnlyForDeploymentPostprocessing = 0;
		};
/* End PBXResourcesBuildPhase section */

/* Begin PBXSourcesBuildPhase section */
		D730231B2082490700E99BF4 /* Sources */ = {
			isa = PBXSourcesBuildPhase;
			buildActionMask = 2147483647;
			files = (
				D73023232082490700E99BF4 /* AppDelegate.swift in Sources */,
				D73023452082F64200E99BF4 /* FlickrPhoto.swift in Sources */,
				D7302336208249CA00E99BF4 /* GalleryViewController.swift in Sources */,
				D7210E6E2083176B006AC2E0 /* Photo.swift in Sources */,
				D730234220825C8B00E99BF4 /* NetworkManager.swift in Sources */,
				D73023492082FBFB00E99BF4 /* PhotoCell.swift in Sources */,
				D7210E7020832136006AC2E0 /* ImageDownloader.swift in Sources */,
				D730233C20824B0000E99BF4 /* PhotoViewController.swift in Sources */,
				D730234020824D3400E99BF4 /* Constant.swift in Sources */,
				D7210E7220838B3E006AC2E0 /* AnimatorController.swift in Sources */,
				D73023472082F72000E99BF4 /* FlickrSearchResults.swift in Sources */,
			);
			runOnlyForDeploymentPostprocessing = 0;
		};
/* End PBXSourcesBuildPhase section */

/* Begin PBXVariantGroup section */
		D73023262082490700E99BF4 /* Main.storyboard */ = {
			isa = PBXVariantGroup;
			children = (
				D73023272082490700E99BF4 /* Base */,
			);
			name = Main.storyboard;
			sourceTree = "<group>";
		};
		D730232B2082490900E99BF4 /* LaunchScreen.storyboard */ = {
			isa = PBXVariantGroup;
			children = (
				D730232C2082490900E99BF4 /* Base */,
			);
			name = LaunchScreen.storyboard;
			sourceTree = "<group>";
		};
/* End PBXVariantGroup section */

/* Begin XCBuildConfiguration section */
		D730232F2082490900E99BF4 /* Debug */ = {
			isa = XCBuildConfiguration;
			buildSettings = {
				ALWAYS_SEARCH_USER_PATHS = NO;
				CLANG_ANALYZER_NONNULL = YES;
				CLANG_ANALYZER_NUMBER_OBJECT_CONVERSION = YES_AGGRESSIVE;
				CLANG_CXX_LANGUAGE_STANDARD = "gnu++14";
				CLANG_CXX_LIBRARY = "libc++";
				CLANG_ENABLE_MODULES = YES;
				CLANG_ENABLE_OBJC_ARC = YES;
				CLANG_ENABLE_OBJC_WEAK = YES;
				CLANG_WARN_BLOCK_CAPTURE_AUTORELEASING = YES;
				CLANG_WARN_BOOL_CONVERSION = YES;
				CLANG_WARN_COMMA = YES;
				CLANG_WARN_CONSTANT_CONVERSION = YES;
				CLANG_WARN_DEPRECATED_OBJC_IMPLEMENTATIONS = YES;
				CLANG_WARN_DIRECT_OBJC_ISA_USAGE = YES_ERROR;
				CLANG_WARN_DOCUMENTATION_COMMENTS = YES;
				CLANG_WARN_EMPTY_BODY = YES;
				CLANG_WARN_ENUM_CONVERSION = YES;
				CLANG_WARN_INFINITE_RECURSION = YES;
				CLANG_WARN_INT_CONVERSION = YES;
				CLANG_WARN_NON_LITERAL_NULL_CONVERSION = YES;
				CLANG_WARN_OBJC_IMPLICIT_RETAIN_SELF = YES;
				CLANG_WARN_OBJC_LITERAL_CONVERSION = YES;
				CLANG_WARN_OBJC_ROOT_CLASS = YES_ERROR;
				CLANG_WARN_RANGE_LOOP_ANALYSIS = YES;
				CLANG_WARN_STRICT_PROTOTYPES = YES;
				CLANG_WARN_SUSPICIOUS_MOVE = YES;
				CLANG_WARN_UNGUARDED_AVAILABILITY = YES_AGGRESSIVE;
				CLANG_WARN_UNREACHABLE_CODE = YES;
				CLANG_WARN__DUPLICATE_METHOD_MATCH = YES;
				CODE_SIGN_IDENTITY = "iPhone Developer";
				COPY_PHASE_STRIP = NO;
				DEBUG_INFORMATION_FORMAT = dwarf;
				ENABLE_STRICT_OBJC_MSGSEND = YES;
				ENABLE_TESTABILITY = YES;
				GCC_C_LANGUAGE_STANDARD = gnu11;
				GCC_DYNAMIC_NO_PIC = NO;
				GCC_NO_COMMON_BLOCKS = YES;
				GCC_OPTIMIZATION_LEVEL = 0;
				GCC_PREPROCESSOR_DEFINITIONS = (
					"DEBUG=1",
					"$(inherited)",
				);
				GCC_WARN_64_TO_32_BIT_CONVERSION = YES;
				GCC_WARN_ABOUT_RETURN_TYPE = YES_ERROR;
				GCC_WARN_UNDECLARED_SELECTOR = YES;
				GCC_WARN_UNINITIALIZED_AUTOS = YES_AGGRESSIVE;
				GCC_WARN_UNUSED_FUNCTION = YES;
				GCC_WARN_UNUSED_VARIABLE = YES;
				IPHONEOS_DEPLOYMENT_TARGET = 11.3;
				MTL_ENABLE_DEBUG_INFO = YES;
				ONLY_ACTIVE_ARCH = YES;
				SDKROOT = iphoneos;
				SWIFT_ACTIVE_COMPILATION_CONDITIONS = DEBUG;
				SWIFT_OPTIMIZATION_LEVEL = "-Onone";
			};
			name = Debug;
		};
		D73023302082490900E99BF4 /* Release */ = {
			isa = XCBuildConfiguration;
			buildSettings = {
				ALWAYS_SEARCH_USER_PATHS = NO;
				CLANG_ANALYZER_NONNULL = YES;
				CLANG_ANALYZER_NUMBER_OBJECT_CONVERSION = YES_AGGRESSIVE;
				CLANG_CXX_LANGUAGE_STANDARD = "gnu++14";
				CLANG_CXX_LIBRARY = "libc++";
				CLANG_ENABLE_MODULES = YES;
				CLANG_ENABLE_OBJC_ARC = YES;
				CLANG_ENABLE_OBJC_WEAK = YES;
				CLANG_WARN_BLOCK_CAPTURE_AUTORELEASING = YES;
				CLANG_WARN_BOOL_CONVERSION = YES;
				CLANG_WARN_COMMA = YES;
				CLANG_WARN_CONSTANT_CONVERSION = YES;
				CLANG_WARN_DEPRECATED_OBJC_IMPLEMENTATIONS = YES;
				CLANG_WARN_DIRECT_OBJC_ISA_USAGE = YES_ERROR;
				CLANG_WARN_DOCUMENTATION_COMMENTS = YES;
				CLANG_WARN_EMPTY_BODY = YES;
				CLANG_WARN_ENUM_CONVERSION = YES;
				CLANG_WARN_INFINITE_RECURSION = YES;
				CLANG_WARN_INT_CONVERSION = YES;
				CLANG_WARN_NON_LITERAL_NULL_CONVERSION = YES;
				CLANG_WARN_OBJC_IMPLICIT_RETAIN_SELF = YES;
				CLANG_WARN_OBJC_LITERAL_CONVERSION = YES;
				CLANG_WARN_OBJC_ROOT_CLASS = YES_ERROR;
				CLANG_WARN_RANGE_LOOP_ANALYSIS = YES;
				CLANG_WARN_STRICT_PROTOTYPES = YES;
				CLANG_WARN_SUSPICIOUS_MOVE = YES;
				CLANG_WARN_UNGUARDED_AVAILABILITY = YES_AGGRESSIVE;
				CLANG_WARN_UNREACHABLE_CODE = YES;
				CLANG_WARN__DUPLICATE_METHOD_MATCH = YES;
				CODE_SIGN_IDENTITY = "iPhone Developer";
				COPY_PHASE_STRIP = NO;
				DEBUG_INFORMATION_FORMAT = "dwarf-with-dsym";
				ENABLE_NS_ASSERTIONS = NO;
				ENABLE_STRICT_OBJC_MSGSEND = YES;
				GCC_C_LANGUAGE_STANDARD = gnu11;
				GCC_NO_COMMON_BLOCKS = YES;
				GCC_WARN_64_TO_32_BIT_CONVERSION = YES;
				GCC_WARN_ABOUT_RETURN_TYPE = YES_ERROR;
				GCC_WARN_UNDECLARED_SELECTOR = YES;
				GCC_WARN_UNINITIALIZED_AUTOS = YES_AGGRESSIVE;
				GCC_WARN_UNUSED_FUNCTION = YES;
				GCC_WARN_UNUSED_VARIABLE = YES;
				IPHONEOS_DEPLOYMENT_TARGET = 11.3;
				MTL_ENABLE_DEBUG_INFO = NO;
				SDKROOT = iphoneos;
				SWIFT_COMPILATION_MODE = wholemodule;
				SWIFT_OPTIMIZATION_LEVEL = "-O";
				VALIDATE_PRODUCT = YES;
			};
			name = Release;
		};
		D73023322082490900E99BF4 /* Debug */ = {
			isa = XCBuildConfiguration;
			buildSettings = {
				ASSETCATALOG_COMPILER_APPICON_NAME = AppIcon;
				CODE_SIGN_STYLE = Automatic;
				INFOPLIST_FILE = photos/Info.plist;
				LD_RUNPATH_SEARCH_PATHS = (
					"$(inherited)",
					"@executable_path/Frameworks",
				);
				PRODUCT_BUNDLE_IDENTIFIER = com.company.photos;
				PRODUCT_NAME = "$(TARGET_NAME)";
				SWIFT_VERSION = 4.0;
				TARGETED_DEVICE_FAMILY = "1,2";
			};
			name = Debug;
		};
		D73023332082490900E99BF4 /* Release */ = {
			isa = XCBuildConfiguration;
			buildSettings = {
				ASSETCATALOG_COMPILER_APPICON_NAME = AppIcon;
				CODE_SIGN_STYLE = Automatic;
				INFOPLIST_FILE = photos/Info.plist;
				LD_RUNPATH_SEARCH_PATHS = (
					"$(inherited)",
					"@executable_path/Frameworks",
				);
				PRODUCT_BUNDLE_IDENTIFIER = com.company.photos;
				PRODUCT_NAME = "$(TARGET_NAME)";
				SWIFT_VERSION = 4.0;
				TARGETED_DEVICE_FAMILY = "1,2";
			};
			name = Release;
		};
/* End XCBuildConfiguration section */

/* Begin XCConfigurationList section */
		D730231A2082490700E99BF4 /* Build configuration list for PBXProject "photos" */ = {
			isa = XCConfigurationList;
			buildConfigurations = (
				D730232F2082490900E99BF4 /* Debug */,
				D73023302082490900E99BF4 /* Release */,
			);
			defaultConfigurationIsVisible = 0;
			defaultConfigurationName = Release;
		};
		D73023312082490900E99BF4 /* Build configuration list for PBXNativeTarget "photos" */ = {
			isa = XCConfigurationList;
			buildConfigurations = (
				D73023322082490900E99BF4 /* Debug */,
				D73023332082490900E99BF4 /* Release */,
			);
			defaultConfigurationIsVisible = 0;
			defaultConfigurationName = Release;
		};
/* End XCConfigurationList section */
	};
	rootObject = D73023172082490700E99BF4 /* Project object */;
}
